
Microsoft Visual Studio Solution File, Format Version 12.00
# Visual Studio Version 17
VisualStudioVersion = 17.8.34322.80
MinimumVisualStudioVersion = 10.0.40219.1
Project("{FAE04EC0-301F-11D3-BF4B-00C04F79EFBC}") = "DotNetFirstAPI", "DotNetFirstAPI\DotNetFirstAPI.csproj", "{80A0E825-3E99-49E4-A83D-74E8EA4408AB}"
EndProject
Global
	GlobalSection(SolutionConfigurationPlatforms) = preSolution
		Debug|Any CPU = Debug|Any CPU
		Release|Any CPU = Release|Any CPU
	EndGlobalSection
	GlobalSection(ProjectConfigurationPlatforms) = postSolution
		{80A0E825-3E99-49E4-A83D-74E8EA4408AB}.Debug|Any CPU.ActiveCfg = Debug|Any CPU
		{80A0E825-3E99-49E4-A83D-74E8EA4408AB}.Debug|Any CPU.Build.0 = Debug|Any CPU
		{80A0E825-3E99-49E4-A83D-74E8EA4408AB}.Release|Any CPU.ActiveCfg = Release|Any CPU
		{80A0E825-3E99-49E4-A83D-74E8EA4408AB}.Release|Any CPU.Build.0 = Release|Any CPU
	EndGlobalSection
	GlobalSection(SolutionProperties) = preSolution
		HideSolutionNode = FALSE
	EndGlobalSection
	GlobalSection(ExtensibilityGlobals) = postSolution
		SolutionGuid = {7E4FB19F-FED2-4D79-887E-1D507AB7B2E9}
	EndGlobalSection
EndGlobal
